
Microsoft Visual Studio Solution File, Format Version 12.00
Project("{FAE04EC0-301F-11D3-BF4B-00C04F79EFBC}") = "RouteInspection", "RouteInspection\RouteInspection.csproj", "{0C7AD135-94AD-4BBF-828C-BAB564FFDA8D}"
EndProject
Global
	GlobalSection(SolutionConfigurationPlatforms) = preSolution
		Debug|Any CPU = Debug|Any CPU
		Release|Any CPU = Release|Any CPU
	EndGlobalSection
	GlobalSection(ProjectConfigurationPlatforms) = postSolution
		{0C7AD135-94AD-4BBF-828C-BAB564FFDA8D}.Debug|Any CPU.ActiveCfg = Debug|Any CPU
		{0C7AD135-94AD-4BBF-828C-BAB564FFDA8D}.Debug|Any CPU.Build.0 = Debug|Any CPU
		{0C7AD135-94AD-4BBF-828C-BAB564FFDA8D}.Release|Any CPU.ActiveCfg = Release|Any CPU
		{0C7AD135-94AD-4BBF-828C-BAB564FFDA8D}.Release|Any CPU.Build.0 = Release|Any CPU
	EndGlobalSection
EndGlobal
